
Microsoft Visual Studio Solution File, Format Version 12.00
# Visual Studio Version 16
VisualStudioVersion = 16.0.33214.272
MinimumVisualStudioVersion = 10.0.40219.1
Project("{F184B08F-C81C-45F6-A57F-5ABD9991F28F}") = "Gross-Pay-Calculator", "Gross-Pay-Calculator\Gross-Pay-Calculator.vbproj", "{095B8683-B61B-4D7D-9CAD-326C7456F5DF}"
EndProject
Global
	GlobalSection(SolutionConfigurationPlatforms) = preSolution
		Debug|Any CPU = Debug|Any CPU
		Release|Any CPU = Release|Any CPU
	EndGlobalSection
	GlobalSection(ProjectConfigurationPlatforms) = postSolution
		{095B8683-B61B-4D7D-9CAD-326C7456F5DF}.Debug|Any CPU.ActiveCfg = Debug|Any CPU
		{095B8683-B61B-4D7D-9CAD-326C7456F5DF}.Debug|Any CPU.Build.0 = Debug|Any CPU
		{095B8683-B61B-4D7D-9CAD-326C7456F5DF}.Release|Any CPU.ActiveCfg = Release|Any CPU
		{095B8683-B61B-4D7D-9CAD-326C7456F5DF}.Release|Any CPU.Build.0 = Release|Any CPU
	EndGlobalSection
	GlobalSection(SolutionProperties) = preSolution
		HideSolutionNode = FALSE
	EndGlobalSection
	GlobalSection(ExtensibilityGlobals) = postSolution
		SolutionGuid = {B490B6BB-F72B-427D-9582-BBE6D799A585}
	EndGlobalSection
EndGlobal
